<?xml version="1.0" encoding="utf-8"?>
<Project ToolsVersion="4.0" xmlns="http://schemas.microsoft.com/developer/msbuild/2003">
  <ItemGroup>
    <Filter Include="Fichiers de ressources">
      <UniqueIdentifier>{67DA6AB6-F800-4c08-8B7A-83BB121AAD01}</UniqueIdentifier>
      <Extensions>rc;ico;cur;bmp;dlg;rc2;rct;bin;rgs;gif;jpg;jpeg;jpe;resx;tiff;tif;png;wav;mfcribbon-ms</Extensions>
    </Filter>
    <Filter Include="Framework sources">
      <UniqueIdentifier>{4FC737F1-C7A5-4376-A066-2A32D752A2FF}</UniqueIdentifier>
      <Extensions>cpp;c;cc;cxx;c++;cppm;ixx;def;odl;idl;hpj;bat;asm;asmx</Extensions>
    </Filter>
    <Filter Include="Application">
      <UniqueIdentifier>{7df0725c-e9cc-4f4f-8791-34ccde6ce337}</UniqueIdentifier>
    </Filter>
    <Filter Include="Application\Demo">
      <UniqueIdentifier>{1a0e0d9b-d464-485f-9ed8-06c6a73ec68d}</UniqueIdentifier>
    </Filter>
    <Filter Include="Application\Snake">
      <UniqueIdentifier>{82d236da-f7cb-49c0-ad50-10fbbb1f3866}</UniqueIdentifier>
    </Filter>
    <Filter Include="Application\Battleship">
      <UniqueIdentifier>{01e59ac4-7eae-4a18-b298-8b1c60b84288}</UniqueIdentifier>
    </Filter>
    <Filter Include="Application\Pacman">
      <UniqueIdentifier>{874f414c-71e5-4409-94bb-149d7f1071f3}</UniqueIdentifier>
    </Filter>
    <Filter Include="Application\ConnectFour">
      <UniqueIdentifier>{3bbaf163-1a29-4b46-907e-2f16cbf9b1b9}</UniqueIdentifier>
    </Filter>
    <Filter Include="Application\PingPong">
      <UniqueIdentifier>{900a9e41-9a53-46cb-a6cf-f01070ac3875}</UniqueIdentifier>
    </Filter>
    <Filter Include="Application\Dessin">
      <UniqueIdentifier>{3095bb92-8646-46d9-b36d-6f12782b864a}</UniqueIdentifier>
    </Filter>
  </ItemGroup>
  <ItemGroup>
    <ClInclude Include="Application\DemoApp\DemoApplication.h">
      <Filter>Application\Demo</Filter>
    </ClInclude>
    <ClInclude Include="Application\DemoApp\DemoAppBall.h">
      <Filter>Application\Demo</Filter>
    </ClInclude>
    <ClInclude Include="Application\PingpongApp\PingPongApplication.h">
      <Filter>Application\PingPong</Filter>
    </ClInclude>
    <ClInclude Include="Application\Connect4App\ConnectFourApplication.h">
      <Filter>Application\ConnectFour</Filter>
    </ClInclude>
    <ClInclude Include="Application\SnakeApp\SnakeApplication.h">
      <Filter>Application\Snake</Filter>
    </ClInclude>
    <ClInclude Include="Application\PacmanApp\PacmanApplication.h">
      <Filter>Application\Pacman</Filter>
    </ClInclude>
    <ClInclude Include="Application\BattleshipApp\BattleshipApplication.h">
      <Filter>Application\Battleship</Filter>
    </ClInclude>
    <ClInclude Include="Application\DessinApp\DessinApplication.h">
      <Filter>Application\Dessin</Filter>
    </ClInclude>
    <ClInclude Include="Framework\framework.h">
      <Filter>Framework sources</Filter>
    </ClInclude>
    <ClInclude Include="Framework\WindowsFrame.h">
      <Filter>Framework sources</Filter>
    </ClInclude>
    <ClInclude Include="Framework\WindowsApp.h">
      <Filter>Framework sources</Filter>
    </ClInclude>
    <ClInclude Include="Framework\targetver.h">
      <Filter>Framework sources</Filter>
    </ClInclude>
    <ClInclude Include="Framework\Resource.h">
      <Filter>Framework sources</Filter>
    </ClInclude>
    <ClInclude Include="Framework\IApplication.h">
      <Filter>Framework sources</Filter>
    </ClInclude>
    <ClInclude Include="Application\BattleshipApp\BoatsPosition.h">
      <Filter>Application\Battleship</Filter>
    </ClInclude>
    <ClInclude Include="Application\BattleshipApp\GameBoard.h">
      <Filter>Application\Battleship</Filter>
    </ClInclude>
    <ClInclude Include="resource.h" />
    <ClInclude Include="Application\PingpongApp\CollisionEngine.h">
      <Filter>Application\PingPong</Filter>
    </ClInclude>
    <ClInclude Include="Application\PingpongApp\PingPongBall.h">
      <Filter>Application\PingPong</Filter>
    </ClInclude>
    <ClInclude Include="Application\PingpongApp\PingPongPad.h">
      <Filter>Application\PingPong</Filter>
    </ClInclude>
  </ItemGroup>
  <ItemGroup>
    <ClCompile Include="Framework\WindowsApp.cpp">
      <Filter>Framework sources</Filter>
    </ClCompile>
    <ClCompile Include="Framework\WindowsFrame.cpp">
      <Filter>Framework sources</Filter>
    </ClCompile>
    <ClCompile Include="Application\DemoApp\DemoApplication.cpp">
      <Filter>Application\Demo</Filter>
    </ClCompile>
    <ClCompile Include="Application\DemoApp\DemoAppBall.cpp">
      <Filter>Application\Demo</Filter>
    </ClCompile>
    <ClCompile Include="Application\PingpongApp\PingPongApplication.cpp">
      <Filter>Application\PingPong</Filter>
    </ClCompile>
    <ClCompile Include="Application\Connect4App\ConnectFourApplication.cpp">
      <Filter>Application\ConnectFour</Filter>
    </ClCompile>
    <ClCompile Include="Application\SnakeApp\SnakeApplication.cpp">
      <Filter>Application\Snake</Filter>
    </ClCompile>
    <ClCompile Include="Application\PacmanApp\PacmanApplication.cpp">
      <Filter>Application\Pacman</Filter>
    </ClCompile>
    <ClCompile Include="Application\BattleshipApp\BattleshipApplication.cpp">
      <Filter>Application\Battleship</Filter>
    </ClCompile>
    <ClCompile Include="Application\DessinApp\DessinApplication.cpp">
      <Filter>Application\Dessin</Filter>
    </ClCompile>
    <ClCompile Include="Application\BattleshipApp\BoatsPosition.cpp">
      <Filter>Application\Battleship</Filter>
    </ClCompile>
    <ClCompile Include="Application\BattleshipApp\GameBoard.cpp">
      <Filter>Application\Battleship</Filter>
    </ClCompile>
    <ClCompile Include="Application\PingpongApp\PingPongBall.cpp">
      <Filter>Application\PingPong</Filter>
    </ClCompile>
    <ClCompile Include="Application\PingpongApp\PingPongPad.cpp">
      <Filter>Application\PingPong</Filter>
    </ClCompile>
    <ClCompile Include="Application\PingpongApp\CollisionEngine.cpp">
      <Filter>Application\PingPong</Filter>
    </ClCompile>
  </ItemGroup>
  <ItemGroup>
    <ResourceCompile Include="WindowsApp.rc">
      <Filter>Fichiers de ressources</Filter>
    </ResourceCompile>
  </ItemGroup>
  <ItemGroup>
    <Image Include="small.ico">
      <Filter>Fichiers de ressources</Filter>
    </Image>
    <Image Include="WindowsApp.ico">
      <Filter>Fichiers de ressources</Filter>
    </Image>
  </ItemGroup>
</Project>